// !$*UTF8*$!
{
	archiveVersion = 1;
	classes = {
	};
	objectVersion = 56;
	objects = {

/* Begin PBXBuildFile section */
		B667FBC62B246CA800F2B8DE /* NearbyNotesApp.swift in Sources */ = {isa = PBXBuildFile; fileRef = B667FBC52B246CA800F2B8DE /* NearbyNotesApp.swift */; };
		B667FBC82B246CA800F2B8DE /* RootView.swift in Sources */ = {isa = PBXBuildFile; fileRef = B667FBC72B246CA800F2B8DE /* RootView.swift */; };
		B667FBCA2B246CA900F2B8DE /* Assets.xcassets in Resources */ = {isa = PBXBuildFile; fileRef = B667FBC92B246CA900F2B8DE /* Assets.xcassets */; };
		B667FBCD2B246CA900F2B8DE /* Preview Assets.xcassets in Resources */ = {isa = PBXBuildFile; fileRef = B667FBCC2B246CA900F2B8DE /* Preview Assets.xcassets */; };
		B667FBD62B246EBD00F2B8DE /* Supabase in Frameworks */ = {isa = PBXBuildFile; productRef = B667FBD52B246EBD00F2B8DE /* Supabase */; };
		B667FBDB2B246F3900F2B8DE /* Factory in Frameworks */ = {isa = PBXBuildFile; productRef = B667FBDA2B246F3900F2B8DE /* Factory */; };
/* End PBXBuildFile section */

/* Begin PBXFileReference section */
		B667FBC22B246CA800F2B8DE /* NearbyNotes.app */ = {isa = PBXFileReference; explicitFileType = wrapper.application; includeInIndex = 0; path = NearbyNotes.app; sourceTree = BUILT_PRODUCTS_DIR; };
		B667FBC52B246CA800F2B8DE /* NearbyNotesApp.swift */ = {isa = PBXFileReference; lastKnownFileType = sourcecode.swift; path = NearbyNotesApp.swift; sourceTree = "<group>"; };
		B667FBC72B246CA800F2B8DE /* RootView.swift */ = {isa = PBXFileReference; lastKnownFileType = sourcecode.swift; path = RootView.swift; sourceTree = "<group>"; };
		B667FBC92B246CA900F2B8DE /* Assets.xcassets */ = {isa = PBXFileReference; lastKnownFileType = folder.assetcatalog; path = Assets.xcassets; sourceTree = "<group>"; };
		B667FBCC2B246CA900F2B8DE /* Preview Assets.xcassets */ = {isa = PBXFileReference; lastKnownFileType = folder.assetcatalog; path = "Preview Assets.xcassets"; sourceTree = "<group>"; };
		B667FBDC2B24712800F2B8DE /* LocalConfig.xcconfig */ = {isa = PBXFileReference; lastKnownFileType = text.xcconfig; path = LocalConfig.xcconfig; sourceTree = "<group>"; };
		B667FBDD2B2471A500F2B8DE /* RemoteConfig.xcconfig */ = {isa = PBXFileReference; lastKnownFileType = text.xcconfig; path = RemoteConfig.xcconfig; sourceTree = "<group>"; };
		B667FBDE2B24720500F2B8DE /* Info.plist */ = {isa = PBXFileReference; lastKnownFileType = text.plist; path = Info.plist; sourceTree = "<group>"; };
/* End PBXFileReference section */

/* Begin PBXFrameworksBuildPhase section */
		B667FBBF2B246CA800F2B8DE /* Frameworks */ = {
			isa = PBXFrameworksBuildPhase;
			buildActionMask = 2147483647;
			files = (
				B667FBD62B246EBD00F2B8DE /* Supabase in Frameworks */,
				B667FBDB2B246F3900F2B8DE /* Factory in Frameworks */,
			);
			runOnlyForDeploymentPostprocessing = 0;
		};
/* End PBXFrameworksBuildPhase section */

/* Begin PBXGroup section */
		B667FBB92B246CA800F2B8DE = {
			isa = PBXGroup;
			children = (
				B667FBC42B246CA800F2B8DE /* NearbyNotes */,
				B667FBC32B246CA800F2B8DE /* Products */,
			);
			sourceTree = "<group>";
		};
		B667FBC32B246CA800F2B8DE /* Products */ = {
			isa = PBXGroup;
			children = (
				B667FBC22B246CA800F2B8DE /* NearbyNotes.app */,
			);
			name = Products;
			sourceTree = "<group>";
		};
		B667FBC42B246CA800F2B8DE /* NearbyNotes */ = {
			isa = PBXGroup;
			children = (
				B667FBDE2B24720500F2B8DE /* Info.plist */,
				B667FBD32B246CE700F2B8DE /* Views */,
				B667FBC52B246CA800F2B8DE /* NearbyNotesApp.swift */,
				B667FBC92B246CA900F2B8DE /* Assets.xcassets */,
				B667FBCB2B246CA900F2B8DE /* Preview Content */,
				B667FBDC2B24712800F2B8DE /* LocalConfig.xcconfig */,
				B667FBDD2B2471A500F2B8DE /* RemoteConfig.xcconfig */,
			);
			path = NearbyNotes;
			sourceTree = "<group>";
		};
		B667FBCB2B246CA900F2B8DE /* Preview Content */ = {
			isa = PBXGroup;
			children = (
				B667FBCC2B246CA900F2B8DE /* Preview Assets.xcassets */,
			);
			path = "Preview Content";
			sourceTree = "<group>";
		};
		B667FBD32B246CE700F2B8DE /* Views */ = {
			isa = PBXGroup;
			children = (
				B667FBC72B246CA800F2B8DE /* RootView.swift */,
			);
			path = Views;
			sourceTree = "<group>";
		};
/* End PBXGroup section */

/* Begin PBXNativeTarget section */
		B667FBC12B246CA800F2B8DE /* NearbyNotes */ = {
			isa = PBXNativeTarget;
			buildConfigurationList = B667FBD02B246CA900F2B8DE /* Build configuration list for PBXNativeTarget "NearbyNotes" */;
			buildPhases = (
				B667FBBE2B246CA800F2B8DE /* Sources */,
				B667FBBF2B246CA800F2B8DE /* Frameworks */,
				B667FBC02B246CA800F2B8DE /* Resources */,
			);
			buildRules = (
			);
			dependencies = (
			);
			name = NearbyNotes;
			packageProductDependencies = (
				B667FBD52B246EBD00F2B8DE /* Supabase */,
				B667FBDA2B246F3900F2B8DE /* Factory */,
			);
			productName = NearbyNotes;
			productReference = B667FBC22B246CA800F2B8DE /* NearbyNotes.app */;
			productType = "com.apple.product-type.application";
		};
/* End PBXNativeTarget section */

/* Begin PBXProject section */
		B667FBBA2B246CA800F2B8DE /* Project object */ = {
			isa = PBXProject;
			attributes = {
				BuildIndependentTargetsInParallel = 1;
				LastSwiftUpdateCheck = 1500;
				LastUpgradeCheck = 1500;
				TargetAttributes = {
					B667FBC12B246CA800F2B8DE = {
						CreatedOnToolsVersion = 15.0;
					};
				};
			};
			buildConfigurationList = B667FBBD2B246CA800F2B8DE /* Build configuration list for PBXProject "NearbyNotes" */;
			compatibilityVersion = "Xcode 14.0";
			developmentRegion = en;
			hasScannedForEncodings = 0;
			knownRegions = (
				en,
				Base,
			);
			mainGroup = B667FBB92B246CA800F2B8DE;
			packageReferences = (
				B667FBD42B246EBD00F2B8DE /* XCRemoteSwiftPackageReference "supabase-swift" */,
				B667FBD92B246F3900F2B8DE /* XCRemoteSwiftPackageReference "Factory" */,
			);
			productRefGroup = B667FBC32B246CA800F2B8DE /* Products */;
			projectDirPath = "";
			projectRoot = "";
			targets = (
				B667FBC12B246CA800F2B8DE /* NearbyNotes */,
			);
		};
/* End PBXProject section */

/* Begin PBXResourcesBuildPhase section */
		B667FBC02B246CA800F2B8DE /* Resources */ = {
			isa = PBXResourcesBuildPhase;
			buildActionMask = 2147483647;
			files = (
				B667FBCD2B246CA900F2B8DE /* Preview Assets.xcassets in Resources */,
				B667FBCA2B246CA900F2B8DE /* Assets.xcassets in Resources */,
			);
			runOnlyForDeploymentPostprocessing = 0;
		};
/* End PBXResourcesBuildPhase section */

/* Begin PBXSourcesBuildPhase section */
		B667FBBE2B246CA800F2B8DE /* Sources */ = {
			isa = PBXSourcesBuildPhase;
			buildActionMask = 2147483647;
			files = (
				B667FBC82B246CA800F2B8DE /* RootView.swift in Sources */,
				B667FBC62B246CA800F2B8DE /* NearbyNotesApp.swift in Sources */,
			);
			runOnlyForDeploymentPostprocessing = 0;
		};
/* End PBXSourcesBuildPhase section */

/* Begin XCBuildConfiguration section */
		B667FBCE2B246CA900F2B8DE /* Debug */ = {
			isa = XCBuildConfiguration;
			buildSettings = {
				ALWAYS_SEARCH_USER_PATHS = NO;
				ASSETCATALOG_COMPILER_GENERATE_SWIFT_ASSET_SYMBOL_EXTENSIONS = YES;
				CLANG_ANALYZER_NONNULL = YES;
				CLANG_ANALYZER_NUMBER_OBJECT_CONVERSION = YES_AGGRESSIVE;
				CLANG_CXX_LANGUAGE_STANDARD = "gnu++20";
				CLANG_ENABLE_MODULES = YES;
				CLANG_ENABLE_OBJC_ARC = YES;
				CLANG_ENABLE_OBJC_WEAK = YES;
				CLANG_WARN_BLOCK_CAPTURE_AUTORELEASING = YES;
				CLANG_WARN_BOOL_CONVERSION = YES;
				CLANG_WARN_COMMA = YES;
				CLANG_WARN_CONSTANT_CONVERSION = YES;
				CLANG_WARN_DEPRECATED_OBJC_IMPLEMENTATIONS = YES;
				CLANG_WARN_DIRECT_OBJC_ISA_USAGE = YES_ERROR;
				CLANG_WARN_DOCUMENTATION_COMMENTS = YES;
				CLANG_WARN_EMPTY_BODY = YES;
				CLANG_WARN_ENUM_CONVERSION = YES;
				CLANG_WARN_INFINITE_RECURSION = YES;
				CLANG_WARN_INT_CONVERSION = YES;
				CLANG_WARN_NON_LITERAL_NULL_CONVERSION = YES;
				CLANG_WARN_OBJC_IMPLICIT_RETAIN_SELF = YES;
				CLANG_WARN_OBJC_LITERAL_CONVERSION = YES;
				CLANG_WARN_OBJC_ROOT_CLASS = YES_ERROR;
				CLANG_WARN_QUOTED_INCLUDE_IN_FRAMEWORK_HEADER = YES;
				CLANG_WARN_RANGE_LOOP_ANALYSIS = YES;
				CLANG_WARN_STRICT_PROTOTYPES = YES;
				CLANG_WARN_SUSPICIOUS_MOVE = YES;
				CLANG_WARN_UNGUARDED_AVAILABILITY = YES_AGGRESSIVE;
				CLANG_WARN_UNREACHABLE_CODE = YES;
				CLANG_WARN__DUPLICATE_METHOD_MATCH = YES;
				COPY_PHASE_STRIP = NO;
				DEBUG_INFORMATION_FORMAT = dwarf;
				ENABLE_STRICT_OBJC_MSGSEND = YES;
				ENABLE_TESTABILITY = YES;
				ENABLE_USER_SCRIPT_SANDBOXING = YES;
				GCC_C_LANGUAGE_STANDARD = gnu17;
				GCC_DYNAMIC_NO_PIC = NO;
				GCC_NO_COMMON_BLOCKS = YES;
				GCC_OPTIMIZATION_LEVEL = 0;
				GCC_PREPROCESSOR_DEFINITIONS = (
					"DEBUG=1",
					"$(inherited)",
				);
				GCC_WARN_64_TO_32_BIT_CONVERSION = YES;
				GCC_WARN_ABOUT_RETURN_TYPE = YES_ERROR;
				GCC_WARN_UNDECLARED_SELECTOR = YES;
				GCC_WARN_UNINITIALIZED_AUTOS = YES_AGGRESSIVE;
				GCC_WARN_UNUSED_FUNCTION = YES;
				GCC_WARN_UNUSED_VARIABLE = YES;
				IPHONEOS_DEPLOYMENT_TARGET = 17.0;
				LOCALIZATION_PREFERS_STRING_CATALOGS = YES;
				MTL_ENABLE_DEBUG_INFO = INCLUDE_SOURCE;
				MTL_FAST_MATH = YES;
				ONLY_ACTIVE_ARCH = YES;
				SDKROOT = iphoneos;
				SWIFT_ACTIVE_COMPILATION_CONDITIONS = "DEBUG $(inherited)";
				SWIFT_OPTIMIZATION_LEVEL = "-Onone";
			};
			name = Debug;
		};
		B667FBCF2B246CA900F2B8DE /* Release */ = {
			isa = XCBuildConfiguration;
			baseConfigurationReference = B667FBDD2B2471A500F2B8DE /* RemoteConfig.xcconfig */;
			buildSettings = {
				ALWAYS_SEARCH_USER_PATHS = NO;
				ASSETCATALOG_COMPILER_GENERATE_SWIFT_ASSET_SYMBOL_EXTENSIONS = YES;
				CLANG_ANALYZER_NONNULL = YES;
				CLANG_ANALYZER_NUMBER_OBJECT_CONVERSION = YES_AGGRESSIVE;
				CLANG_CXX_LANGUAGE_STANDARD = "gnu++20";
				CLANG_ENABLE_MODULES = YES;
				CLANG_ENABLE_OBJC_ARC = YES;
				CLANG_ENABLE_OBJC_WEAK = YES;
				CLANG_WARN_BLOCK_CAPTURE_AUTORELEASING = YES;
				CLANG_WARN_BOOL_CONVERSION = YES;
				CLANG_WARN_COMMA = YES;
				CLANG_WARN_CONSTANT_CONVERSION = YES;
				CLANG_WARN_DEPRECATED_OBJC_IMPLEMENTATIONS = YES;
				CLANG_WARN_DIRECT_OBJC_ISA_USAGE = YES_ERROR;
				CLANG_WARN_DOCUMENTATION_COMMENTS = YES;
				CLANG_WARN_EMPTY_BODY = YES;
				CLANG_WARN_ENUM_CONVERSION = YES;
				CLANG_WARN_INFINITE_RECURSION = YES;
				CLANG_WARN_INT_CONVERSION = YES;
				CLANG_WARN_NON_LITERAL_NULL_CONVERSION = YES;
				CLANG_WARN_OBJC_IMPLICIT_RETAIN_SELF = YES;
				CLANG_WARN_OBJC_LITERAL_CONVERSION = YES;
				CLANG_WARN_OBJC_ROOT_CLASS = YES_ERROR;
				CLANG_WARN_QUOTED_INCLUDE_IN_FRAMEWORK_HEADER = YES;
				CLANG_WARN_RANGE_LOOP_ANALYSIS = YES;
				CLANG_WARN_STRICT_PROTOTYPES = YES;
				CLANG_WARN_SUSPICIOUS_MOVE = YES;
				CLANG_WARN_UNGUARDED_AVAILABILITY = YES_AGGRESSIVE;
				CLANG_WARN_UNREACHABLE_CODE = YES;
				CLANG_WARN__DUPLICATE_METHOD_MATCH = YES;
				COPY_PHASE_STRIP = NO;
				DEBUG_INFORMATION_FORMAT = "dwarf-with-dsym";
				ENABLE_NS_ASSERTIONS = NO;
				ENABLE_STRICT_OBJC_MSGSEND = YES;
				ENABLE_USER_SCRIPT_SANDBOXING = YES;
				GCC_C_LANGUAGE_STANDARD = gnu17;
				GCC_NO_COMMON_BLOCKS = YES;
				GCC_WARN_64_TO_32_BIT_CONVERSION = YES;
				GCC_WARN_ABOUT_RETURN_TYPE = YES_ERROR;
				GCC_WARN_UNDECLARED_SELECTOR = YES;
				GCC_WARN_UNINITIALIZED_AUTOS = YES_AGGRESSIVE;
				GCC_WARN_UNUSED_FUNCTION = YES;
				GCC_WARN_UNUSED_VARIABLE = YES;
				IPHONEOS_DEPLOYMENT_TARGET = 17.0;
				LOCALIZATION_PREFERS_STRING_CATALOGS = YES;
				MTL_ENABLE_DEBUG_INFO = NO;
				MTL_FAST_MATH = YES;
				SDKROOT = iphoneos;
				SWIFT_COMPILATION_MODE = wholemodule;
				VALIDATE_PRODUCT = YES;
			};
			name = Release;
		};
		B667FBD12B246CA900F2B8DE /* Debug */ = {
			isa = XCBuildConfiguration;
			baseConfigurationReference = B667FBDC2B24712800F2B8DE /* LocalConfig.xcconfig */;
			buildSettings = {
				ASSETCATALOG_COMPILER_APPICON_NAME = AppIcon;
				ASSETCATALOG_COMPILER_GLOBAL_ACCENT_COLOR_NAME = AccentColor;
				CODE_SIGN_STYLE = Automatic;
				CURRENT_PROJECT_VERSION = 1;
				DEVELOPMENT_ASSET_PATHS = "\"NearbyNotes/Preview Content\"";
				DEVELOPMENT_TEAM = 9K45CQJ2EB;
				ENABLE_PREVIEWS = YES;
				GENERATE_INFOPLIST_FILE = YES;
				INFOPLIST_FILE = NearbyNotes/Info.plist;
				INFOPLIST_KEY_CFBundleDisplayName = NearbyNotes;
				INFOPLIST_KEY_UIApplicationSceneManifest_Generation = YES;
				INFOPLIST_KEY_UIApplicationSupportsIndirectInputEvents = YES;
				INFOPLIST_KEY_UILaunchScreen_Generation = YES;
				INFOPLIST_KEY_UISupportedInterfaceOrientations = UIInterfaceOrientationPortrait;
				INFOPLIST_KEY_UISupportedInterfaceOrientations_iPad = "UIInterfaceOrientationLandscapeLeft UIInterfaceOrientationLandscapeRight UIInterfaceOrientationPortrait UIInterfaceOrientationPortraitUpsideDown";
				LD_RUNPATH_SEARCH_PATHS = (
					"$(inherited)",
					"@executable_path/Frameworks",
				);
				MARKETING_VERSION = 1.0.0;
				PRODUCT_BUNDLE_IDENTIFIER = com.emilioschepis.nearbynotes;
				PRODUCT_NAME = "$(TARGET_NAME)";
				SUPPORTED_PLATFORMS = "iphoneos iphonesimulator";
				SUPPORTS_MACCATALYST = NO;
				SUPPORTS_MAC_DESIGNED_FOR_IPHONE_IPAD = NO;
				SWIFT_EMIT_LOC_STRINGS = YES;
				SWIFT_VERSION = 5.0;
				TARGETED_DEVICE_FAMILY = 1;
			};
			name = Debug;
		};
		B667FBD22B246CA900F2B8DE /* Release */ = {
			isa = XCBuildConfiguration;
			buildSettings = {
				ASSETCATALOG_COMPILER_APPICON_NAME = AppIcon;
				ASSETCATALOG_COMPILER_GLOBAL_ACCENT_COLOR_NAME = AccentColor;
				CODE_SIGN_STYLE = Automatic;
				CURRENT_PROJECT_VERSION = 1;
				DEVELOPMENT_ASSET_PATHS = "\"NearbyNotes/Preview Content\"";
				DEVELOPMENT_TEAM = 9K45CQJ2EB;
				ENABLE_PREVIEWS = YES;
				GENERATE_INFOPLIST_FILE = YES;
				INFOPLIST_FILE = NearbyNotes/Info.plist;
				INFOPLIST_KEY_CFBundleDisplayName = NearbyNotes;
				INFOPLIST_KEY_UIApplicationSceneManifest_Generation = YES;
				INFOPLIST_KEY_UIApplicationSupportsIndirectInputEvents = YES;
				INFOPLIST_KEY_UILaunchScreen_Generation = YES;
				INFOPLIST_KEY_UISupportedInterfaceOrientations = UIInterfaceOrientationPortrait;
				INFOPLIST_KEY_UISupportedInterfaceOrientations_iPad = "UIInterfaceOrientationLandscapeLeft UIInterfaceOrientationLandscapeRight UIInterfaceOrientationPortrait UIInterfaceOrientationPortraitUpsideDown";
				LD_RUNPATH_SEARCH_PATHS = (
					"$(inherited)",
					"@executable_path/Frameworks",
				);
				MARKETING_VERSION = 1.0.0;
				PRODUCT_BUNDLE_IDENTIFIER = com.emilioschepis.nearbynotes;
				PRODUCT_NAME = "$(TARGET_NAME)";
				SUPPORTED_PLATFORMS = "iphoneos iphonesimulator";
				SUPPORTS_MACCATALYST = NO;
				SUPPORTS_MAC_DESIGNED_FOR_IPHONE_IPAD = NO;
				SWIFT_EMIT_LOC_STRINGS = YES;
				SWIFT_VERSION = 5.0;
				TARGETED_DEVICE_FAMILY = 1;
			};
			name = Release;
		};
/* End XCBuildConfiguration section */

/* Begin XCConfigurationList section */
		B667FBBD2B246CA800F2B8DE /* Build configuration list for PBXProject "NearbyNotes" */ = {
			isa = XCConfigurationList;
			buildConfigurations = (
				B667FBCE2B246CA900F2B8DE /* Debug */,
				B667FBCF2B246CA900F2B8DE /* Release */,
			);
			defaultConfigurationIsVisible = 0;
			defaultConfigurationName = Release;
		};
		B667FBD02B246CA900F2B8DE /* Build configuration list for PBXNativeTarget "NearbyNotes" */ = {
			isa = XCConfigurationList;
			buildConfigurations = (
				B667FBD12B246CA900F2B8DE /* Debug */,
				B667FBD22B246CA900F2B8DE /* Release */,
			);
			defaultConfigurationIsVisible = 0;
			defaultConfigurationName = Release;
		};
/* End XCConfigurationList section */

/* Begin XCRemoteSwiftPackageReference section */
		B667FBD42B246EBD00F2B8DE /* XCRemoteSwiftPackageReference "supabase-swift" */ = {
			isa = XCRemoteSwiftPackageReference;
			repositoryURL = "https://github.com/supabase-community/supabase-swift.git";
			requirement = {
				kind = upToNextMajorVersion;
				minimumVersion = 1.1.0;
			};
		};
		B667FBD92B246F3900F2B8DE /* XCRemoteSwiftPackageReference "Factory" */ = {
			isa = XCRemoteSwiftPackageReference;
			repositoryURL = "https://github.com/hmlongco/Factory";
			requirement = {
				kind = upToNextMajorVersion;
				minimumVersion = 2.3.1;
			};
		};
/* End XCRemoteSwiftPackageReference section */

/* Begin XCSwiftPackageProductDependency section */
		B667FBD52B246EBD00F2B8DE /* Supabase */ = {
			isa = XCSwiftPackageProductDependency;
			package = B667FBD42B246EBD00F2B8DE /* XCRemoteSwiftPackageReference "supabase-swift" */;
			productName = Supabase;
		};
		B667FBDA2B246F3900F2B8DE /* Factory */ = {
			isa = XCSwiftPackageProductDependency;
			package = B667FBD92B246F3900F2B8DE /* XCRemoteSwiftPackageReference "Factory" */;
			productName = Factory;
		};
/* End XCSwiftPackageProductDependency section */
	};
	rootObject = B667FBBA2B246CA800F2B8DE /* Project object */;
}
